# This file is autogenerated, do not edit; changes may be undone by the next 'dep ensure'.


[[projects]]
  branch = "master"
  name = "github.com/djimenez/iconv-go"
  packages = ["."]
  revision = "8960e66bd3dacbc8773962b40eb82fc18c63c127"

[solve-meta]
  analyzer-name = "dep"
  analyzer-version = 1
  inputs-digest = "2bb54f0675398b05d5d4451d4a20ce2f2bd982e451659245845f457bcd9ccd34"
  solver-name = "gps-cdcl"
  solver-version = 1
